// !$*UTF8*$!
{
	archiveVersion = 1;
	classes = {
	};
	objectVersion = 50;
	objects = {

/* Begin PBXBuildFile section */
		C94DDCE5243F204F00F2131A /* KeyChain.swift in Sources */ = {isa = PBXBuildFile; fileRef = C94DDCE4243F204F00F2131A /* KeyChain.swift */; };
		C94DDCE7243F20E700F2131A /* LoginVC.swift in Sources */ = {isa = PBXBuildFile; fileRef = C94DDCE6243F20E700F2131A /* LoginVC.swift */; };
		C94DDCE9243F20F200F2131A /* LoginSignUp.storyboard in Resources */ = {isa = PBXBuildFile; fileRef = C94DDCE8243F20F200F2131A /* LoginSignUp.storyboard */; };
		C94DDCEB243F210000F2131A /* SignUpVC.swift in Sources */ = {isa = PBXBuildFile; fileRef = C94DDCEA243F210000F2131A /* SignUpVC.swift */; };
		C9F8A599243F040700CF92C0 /* AppDelegate.swift in Sources */ = {isa = PBXBuildFile; fileRef = C9F8A598243F040700CF92C0 /* AppDelegate.swift */; };
		C9F8A59B243F040700CF92C0 /* SceneDelegate.swift in Sources */ = {isa = PBXBuildFile; fileRef = C9F8A59A243F040700CF92C0 /* SceneDelegate.swift */; };
		C9F8A59D243F040700CF92C0 /* ViewController.swift in Sources */ = {isa = PBXBuildFile; fileRef = C9F8A59C243F040700CF92C0 /* ViewController.swift */; };
		C9F8A5A0243F040700CF92C0 /* Main.storyboard in Resources */ = {isa = PBXBuildFile; fileRef = C9F8A59E243F040700CF92C0 /* Main.storyboard */; };
		C9F8A5A2243F040800CF92C0 /* Assets.xcassets in Resources */ = {isa = PBXBuildFile; fileRef = C9F8A5A1243F040800CF92C0 /* Assets.xcassets */; };
		C9F8A5A5243F040800CF92C0 /* LaunchScreen.storyboard in Resources */ = {isa = PBXBuildFile; fileRef = C9F8A5A3243F040800CF92C0 /* LaunchScreen.storyboard */; };
		C9F8A5B0243F040800CF92C0 /* BongGongTests.swift in Sources */ = {isa = PBXBuildFile; fileRef = C9F8A5AF243F040800CF92C0 /* BongGongTests.swift */; };
		C9F8A5BB243F040800CF92C0 /* BongGongUITests.swift in Sources */ = {isa = PBXBuildFile; fileRef = C9F8A5BA243F040800CF92C0 /* BongGongUITests.swift */; };
		C9F8A5CA243F044D00CF92C0 /* GuideVC.swift in Sources */ = {isa = PBXBuildFile; fileRef = C9F8A5C9243F044D00CF92C0 /* GuideVC.swift */; };
		C9F8A5CC243F046800CF92C0 /* GuideContentVC.swift in Sources */ = {isa = PBXBuildFile; fileRef = C9F8A5CB243F046800CF92C0 /* GuideContentVC.swift */; };
		C9F8A5CE243F047C00CF92C0 /* GuideContentPageVC.swift in Sources */ = {isa = PBXBuildFile; fileRef = C9F8A5CD243F047C00CF92C0 /* GuideContentPageVC.swift */; };
/* End PBXBuildFile section */

/* Begin PBXContainerItemProxy section */
		C9F8A5AC243F040800CF92C0 /* PBXContainerItemProxy */ = {
			isa = PBXContainerItemProxy;
			containerPortal = C9F8A58D243F040700CF92C0 /* Project object */;
			proxyType = 1;
			remoteGlobalIDString = C9F8A594243F040700CF92C0;
			remoteInfo = BongGong;
		};
		C9F8A5B7243F040800CF92C0 /* PBXContainerItemProxy */ = {
			isa = PBXContainerItemProxy;
			containerPortal = C9F8A58D243F040700CF92C0 /* Project object */;
			proxyType = 1;
			remoteGlobalIDString = C9F8A594243F040700CF92C0;
			remoteInfo = BongGong;
		};
/* End PBXContainerItemProxy section */

/* Begin PBXFileReference section */
		C94DDCE4243F204F00F2131A /* KeyChain.swift */ = {isa = PBXFileReference; lastKnownFileType = sourcecode.swift; path = KeyChain.swift; sourceTree = "<group>"; };
		C94DDCE6243F20E700F2131A /* LoginVC.swift */ = {isa = PBXFileReference; lastKnownFileType = sourcecode.swift; path = LoginVC.swift; sourceTree = "<group>"; };
		C94DDCE8243F20F200F2131A /* LoginSignUp.storyboard */ = {isa = PBXFileReference; lastKnownFileType = file.storyboard; path = LoginSignUp.storyboard; sourceTree = "<group>"; };
		C94DDCEA243F210000F2131A /* SignUpVC.swift */ = {isa = PBXFileReference; lastKnownFileType = sourcecode.swift; path = SignUpVC.swift; sourceTree = "<group>"; };
		C9F8A595243F040700CF92C0 /* BongGong.app */ = {isa = PBXFileReference; explicitFileType = wrapper.application; includeInIndex = 0; path = BongGong.app; sourceTree = BUILT_PRODUCTS_DIR; };
		C9F8A598243F040700CF92C0 /* AppDelegate.swift */ = {isa = PBXFileReference; lastKnownFileType = sourcecode.swift; path = AppDelegate.swift; sourceTree = "<group>"; };
		C9F8A59A243F040700CF92C0 /* SceneDelegate.swift */ = {isa = PBXFileReference; lastKnownFileType = sourcecode.swift; path = SceneDelegate.swift; sourceTree = "<group>"; };
		C9F8A59C243F040700CF92C0 /* ViewController.swift */ = {isa = PBXFileReference; lastKnownFileType = sourcecode.swift; path = ViewController.swift; sourceTree = "<group>"; };
		C9F8A59F243F040700CF92C0 /* Base */ = {isa = PBXFileReference; lastKnownFileType = file.storyboard; name = Base; path = Base.lproj/Main.storyboard; sourceTree = "<group>"; };
		C9F8A5A1243F040800CF92C0 /* Assets.xcassets */ = {isa = PBXFileReference; lastKnownFileType = folder.assetcatalog; path = Assets.xcassets; sourceTree = "<group>"; };
		C9F8A5A4243F040800CF92C0 /* Base */ = {isa = PBXFileReference; lastKnownFileType = file.storyboard; name = Base; path = Base.lproj/LaunchScreen.storyboard; sourceTree = "<group>"; };
		C9F8A5A6243F040800CF92C0 /* Info.plist */ = {isa = PBXFileReference; lastKnownFileType = text.plist.xml; path = Info.plist; sourceTree = "<group>"; };
		C9F8A5AB243F040800CF92C0 /* BongGongTests.xctest */ = {isa = PBXFileReference; explicitFileType = wrapper.cfbundle; includeInIndex = 0; path = BongGongTests.xctest; sourceTree = BUILT_PRODUCTS_DIR; };
		C9F8A5AF243F040800CF92C0 /* BongGongTests.swift */ = {isa = PBXFileReference; lastKnownFileType = sourcecode.swift; path = BongGongTests.swift; sourceTree = "<group>"; };
		C9F8A5B1243F040800CF92C0 /* Info.plist */ = {isa = PBXFileReference; lastKnownFileType = text.plist.xml; path = Info.plist; sourceTree = "<group>"; };
		C9F8A5B6243F040800CF92C0 /* BongGongUITests.xctest */ = {isa = PBXFileReference; explicitFileType = wrapper.cfbundle; includeInIndex = 0; path = BongGongUITests.xctest; sourceTree = BUILT_PRODUCTS_DIR; };
		C9F8A5BA243F040800CF92C0 /* BongGongUITests.swift */ = {isa = PBXFileReference; lastKnownFileType = sourcecode.swift; path = BongGongUITests.swift; sourceTree = "<group>"; };
		C9F8A5BC243F040800CF92C0 /* Info.plist */ = {isa = PBXFileReference; lastKnownFileType = text.plist.xml; path = Info.plist; sourceTree = "<group>"; };
		C9F8A5C9243F044D00CF92C0 /* GuideVC.swift */ = {isa = PBXFileReference; lastKnownFileType = sourcecode.swift; path = GuideVC.swift; sourceTree = "<group>"; };
		C9F8A5CB243F046800CF92C0 /* GuideContentVC.swift */ = {isa = PBXFileReference; lastKnownFileType = sourcecode.swift; path = GuideContentVC.swift; sourceTree = "<group>"; };
		C9F8A5CD243F047C00CF92C0 /* GuideContentPageVC.swift */ = {isa = PBXFileReference; lastKnownFileType = sourcecode.swift; path = GuideContentPageVC.swift; sourceTree = "<group>"; };
/* End PBXFileReference section */

/* Begin PBXFrameworksBuildPhase section */
		C9F8A592243F040700CF92C0 /* Frameworks */ = {
			isa = PBXFrameworksBuildPhase;
			buildActionMask = 2147483647;
			files = (
			);
			runOnlyForDeploymentPostprocessing = 0;
		};
		C9F8A5A8243F040800CF92C0 /* Frameworks */ = {
			isa = PBXFrameworksBuildPhase;
			buildActionMask = 2147483647;
			files = (
			);
			runOnlyForDeploymentPostprocessing = 0;
		};
		C9F8A5B3243F040800CF92C0 /* Frameworks */ = {
			isa = PBXFrameworksBuildPhase;
			buildActionMask = 2147483647;
			files = (
			);
			runOnlyForDeploymentPostprocessing = 0;
		};
/* End PBXFrameworksBuildPhase section */

/* Begin PBXGroup section */
		C9F8A58C243F040700CF92C0 = {
			isa = PBXGroup;
			children = (
				C9F8A597243F040700CF92C0 /* BongGong */,
				C9F8A5AE243F040800CF92C0 /* BongGongTests */,
				C9F8A5B9243F040800CF92C0 /* BongGongUITests */,
				C9F8A596243F040700CF92C0 /* Products */,
			);
			sourceTree = "<group>";
		};
		C9F8A596243F040700CF92C0 /* Products */ = {
			isa = PBXGroup;
			children = (
				C9F8A595243F040700CF92C0 /* BongGong.app */,
				C9F8A5AB243F040800CF92C0 /* BongGongTests.xctest */,
				C9F8A5B6243F040800CF92C0 /* BongGongUITests.xctest */,
			);
			name = Products;
			sourceTree = "<group>";
		};
		C9F8A597243F040700CF92C0 /* BongGong */ = {
			isa = PBXGroup;
			children = (
				C9F8A5D0243F055700CF92C0 /* Utility */,
				C9F8A5CF243F054700CF92C0 /* LoginSignUp */,
				C9F8A5C8243F043400CF92C0 /* GuideView */,
				C9F8A598243F040700CF92C0 /* AppDelegate.swift */,
				C9F8A59A243F040700CF92C0 /* SceneDelegate.swift */,
				C9F8A59C243F040700CF92C0 /* ViewController.swift */,
				C9F8A59E243F040700CF92C0 /* Main.storyboard */,
				C9F8A5A1243F040800CF92C0 /* Assets.xcassets */,
				C9F8A5A3243F040800CF92C0 /* LaunchScreen.storyboard */,
				C9F8A5A6243F040800CF92C0 /* Info.plist */,
			);
			path = BongGong;
			sourceTree = "<group>";
		};
		C9F8A5AE243F040800CF92C0 /* BongGongTests */ = {
			isa = PBXGroup;
			children = (
				C9F8A5AF243F040800CF92C0 /* BongGongTests.swift */,
				C9F8A5B1243F040800CF92C0 /* Info.plist */,
			);
			path = BongGongTests;
			sourceTree = "<group>";
		};
		C9F8A5B9243F040800CF92C0 /* BongGongUITests */ = {
			isa = PBXGroup;
			children = (
				C9F8A5BA243F040800CF92C0 /* BongGongUITests.swift */,
				C9F8A5BC243F040800CF92C0 /* Info.plist */,
			);
			path = BongGongUITests;
			sourceTree = "<group>";
		};
		C9F8A5C8243F043400CF92C0 /* GuideView */ = {
			isa = PBXGroup;
			children = (
				C9F8A5C9243F044D00CF92C0 /* GuideVC.swift */,
				C9F8A5CB243F046800CF92C0 /* GuideContentVC.swift */,
				C9F8A5CD243F047C00CF92C0 /* GuideContentPageVC.swift */,
			);
			path = GuideView;
			sourceTree = "<group>";
		};
		C9F8A5CF243F054700CF92C0 /* LoginSignUp */ = {
			isa = PBXGroup;
			children = (
				C94DDCE6243F20E700F2131A /* LoginVC.swift */,
				C94DDCEA243F210000F2131A /* SignUpVC.swift */,
				C94DDCE8243F20F200F2131A /* LoginSignUp.storyboard */,
			);
			path = LoginSignUp;
			sourceTree = "<group>";
		};
		C9F8A5D0243F055700CF92C0 /* Utility */ = {
			isa = PBXGroup;
			children = (
				C94DDCE4243F204F00F2131A /* KeyChain.swift */,
			);
			path = Utility;
			sourceTree = "<group>";
		};
/* End PBXGroup section */

/* Begin PBXNativeTarget section */
		C9F8A594243F040700CF92C0 /* BongGong */ = {
			isa = PBXNativeTarget;
			buildConfigurationList = C9F8A5BF243F040800CF92C0 /* Build configuration list for PBXNativeTarget "BongGong" */;
			buildPhases = (
				C9F8A591243F040700CF92C0 /* Sources */,
				C9F8A592243F040700CF92C0 /* Frameworks */,
				C9F8A593243F040700CF92C0 /* Resources */,
			);
			buildRules = (
			);
			dependencies = (
			);
			name = BongGong;
			productName = BongGong;
			productReference = C9F8A595243F040700CF92C0 /* BongGong.app */;
			productType = "com.apple.product-type.application";
		};
		C9F8A5AA243F040800CF92C0 /* BongGongTests */ = {
			isa = PBXNativeTarget;
			buildConfigurationList = C9F8A5C2243F040800CF92C0 /* Build configuration list for PBXNativeTarget "BongGongTests" */;
			buildPhases = (
				C9F8A5A7243F040800CF92C0 /* Sources */,
				C9F8A5A8243F040800CF92C0 /* Frameworks */,
				C9F8A5A9243F040800CF92C0 /* Resources */,
			);
			buildRules = (
			);
			dependencies = (
				C9F8A5AD243F040800CF92C0 /* PBXTargetDependency */,
			);
			name = BongGongTests;
			productName = BongGongTests;
			productReference = C9F8A5AB243F040800CF92C0 /* BongGongTests.xctest */;
			productType = "com.apple.product-type.bundle.unit-test";
		};
		C9F8A5B5243F040800CF92C0 /* BongGongUITests */ = {
			isa = PBXNativeTarget;
			buildConfigurationList = C9F8A5C5243F040800CF92C0 /* Build configuration list for PBXNativeTarget "BongGongUITests" */;
			buildPhases = (
				C9F8A5B2243F040800CF92C0 /* Sources */,
				C9F8A5B3243F040800CF92C0 /* Frameworks */,
				C9F8A5B4243F040800CF92C0 /* Resources */,
			);
			buildRules = (
			);
			dependencies = (
				C9F8A5B8243F040800CF92C0 /* PBXTargetDependency */,
			);
			name = BongGongUITests;
			productName = BongGongUITests;
			productReference = C9F8A5B6243F040800CF92C0 /* BongGongUITests.xctest */;
			productType = "com.apple.product-type.bundle.ui-testing";
		};
/* End PBXNativeTarget section */

/* Begin PBXProject section */
		C9F8A58D243F040700CF92C0 /* Project object */ = {
			isa = PBXProject;
			attributes = {
				LastSwiftUpdateCheck = 1130;
				LastUpgradeCheck = 1130;
				ORGANIZATIONNAME = sungjoong.kim;
				TargetAttributes = {
					C9F8A594243F040700CF92C0 = {
						CreatedOnToolsVersion = 11.3.1;
					};
					C9F8A5AA243F040800CF92C0 = {
						CreatedOnToolsVersion = 11.3.1;
						TestTargetID = C9F8A594243F040700CF92C0;
					};
					C9F8A5B5243F040800CF92C0 = {
						CreatedOnToolsVersion = 11.3.1;
						TestTargetID = C9F8A594243F040700CF92C0;
					};
				};
			};
			buildConfigurationList = C9F8A590243F040700CF92C0 /* Build configuration list for PBXProject "BongGong" */;
			compatibilityVersion = "Xcode 9.3";
			developmentRegion = en;
			hasScannedForEncodings = 0;
			knownRegions = (
				en,
				Base,
			);
			mainGroup = C9F8A58C243F040700CF92C0;
			productRefGroup = C9F8A596243F040700CF92C0 /* Products */;
			projectDirPath = "";
			projectRoot = "";
			targets = (
				C9F8A594243F040700CF92C0 /* BongGong */,
				C9F8A5AA243F040800CF92C0 /* BongGongTests */,
				C9F8A5B5243F040800CF92C0 /* BongGongUITests */,
			);
		};
/* End PBXProject section */

/* Begin PBXResourcesBuildPhase section */
		C9F8A593243F040700CF92C0 /* Resources */ = {
			isa = PBXResourcesBuildPhase;
			buildActionMask = 2147483647;
			files = (
				C94DDCE9243F20F200F2131A /* LoginSignUp.storyboard in Resources */,
				C9F8A5A5243F040800CF92C0 /* LaunchScreen.storyboard in Resources */,
				C9F8A5A2243F040800CF92C0 /* Assets.xcassets in Resources */,
				C9F8A5A0243F040700CF92C0 /* Main.storyboard in Resources */,
			);
			runOnlyForDeploymentPostprocessing = 0;
		};
		C9F8A5A9243F040800CF92C0 /* Resources */ = {
			isa = PBXResourcesBuildPhase;
			buildActionMask = 2147483647;
			files = (
			);
			runOnlyForDeploymentPostprocessing = 0;
		};
		C9F8A5B4243F040800CF92C0 /* Resources */ = {
			isa = PBXResourcesBuildPhase;
			buildActionMask = 2147483647;
			files = (
			);
			runOnlyForDeploymentPostprocessing = 0;
		};
/* End PBXResourcesBuildPhase section */

/* Begin PBXSourcesBuildPhase section */
		C9F8A591243F040700CF92C0 /* Sources */ = {
			isa = PBXSourcesBuildPhase;
			buildActionMask = 2147483647;
			files = (
				C9F8A5CE243F047C00CF92C0 /* GuideContentPageVC.swift in Sources */,
				C94DDCEB243F210000F2131A /* SignUpVC.swift in Sources */,
				C9F8A5CC243F046800CF92C0 /* GuideContentVC.swift in Sources */,
				C94DDCE7243F20E700F2131A /* LoginVC.swift in Sources */,
				C9F8A59D243F040700CF92C0 /* ViewController.swift in Sources */,
				C9F8A599243F040700CF92C0 /* AppDelegate.swift in Sources */,
				C94DDCE5243F204F00F2131A /* KeyChain.swift in Sources */,
				C9F8A59B243F040700CF92C0 /* SceneDelegate.swift in Sources */,
				C9F8A5CA243F044D00CF92C0 /* GuideVC.swift in Sources */,
			);
			runOnlyForDeploymentPostprocessing = 0;
		};
		C9F8A5A7243F040800CF92C0 /* Sources */ = {
			isa = PBXSourcesBuildPhase;
			buildActionMask = 2147483647;
			files = (
				C9F8A5B0243F040800CF92C0 /* BongGongTests.swift in Sources */,
			);
			runOnlyForDeploymentPostprocessing = 0;
		};
		C9F8A5B2243F040800CF92C0 /* Sources */ = {
			isa = PBXSourcesBuildPhase;
			buildActionMask = 2147483647;
			files = (
				C9F8A5BB243F040800CF92C0 /* BongGongUITests.swift in Sources */,
			);
			runOnlyForDeploymentPostprocessing = 0;
		};
/* End PBXSourcesBuildPhase section */

/* Begin PBXTargetDependency section */
		C9F8A5AD243F040800CF92C0 /* PBXTargetDependency */ = {
			isa = PBXTargetDependency;
			target = C9F8A594243F040700CF92C0 /* BongGong */;
			targetProxy = C9F8A5AC243F040800CF92C0 /* PBXContainerItemProxy */;
		};
		C9F8A5B8243F040800CF92C0 /* PBXTargetDependency */ = {
			isa = PBXTargetDependency;
			target = C9F8A594243F040700CF92C0 /* BongGong */;
			targetProxy = C9F8A5B7243F040800CF92C0 /* PBXContainerItemProxy */;
		};
/* End PBXTargetDependency section */

/* Begin PBXVariantGroup section */
		C9F8A59E243F040700CF92C0 /* Main.storyboard */ = {
			isa = PBXVariantGroup;
			children = (
				C9F8A59F243F040700CF92C0 /* Base */,
			);
			name = Main.storyboard;
			sourceTree = "<group>";
		};
		C9F8A5A3243F040800CF92C0 /* LaunchScreen.storyboard */ = {
			isa = PBXVariantGroup;
			children = (
				C9F8A5A4243F040800CF92C0 /* Base */,
			);
			name = LaunchScreen.storyboard;
			sourceTree = "<group>";
		};
/* End PBXVariantGroup section */

/* Begin XCBuildConfiguration section */
		C9F8A5BD243F040800CF92C0 /* Debug */ = {
			isa = XCBuildConfiguration;
			buildSettings = {
				ALWAYS_SEARCH_USER_PATHS = NO;
				CLANG_ANALYZER_NONNULL = YES;
				CLANG_ANALYZER_NUMBER_OBJECT_CONVERSION = YES_AGGRESSIVE;
				CLANG_CXX_LANGUAGE_STANDARD = "gnu++14";
				CLANG_CXX_LIBRARY = "libc++";
				CLANG_ENABLE_MODULES = YES;
				CLANG_ENABLE_OBJC_ARC = YES;
				CLANG_ENABLE_OBJC_WEAK = YES;
				CLANG_WARN_BLOCK_CAPTURE_AUTORELEASING = YES;
				CLANG_WARN_BOOL_CONVERSION = YES;
				CLANG_WARN_COMMA = YES;
				CLANG_WARN_CONSTANT_CONVERSION = YES;
				CLANG_WARN_DEPRECATED_OBJC_IMPLEMENTATIONS = YES;
				CLANG_WARN_DIRECT_OBJC_ISA_USAGE = YES_ERROR;
				CLANG_WARN_DOCUMENTATION_COMMENTS = YES;
				CLANG_WARN_EMPTY_BODY = YES;
				CLANG_WARN_ENUM_CONVERSION = YES;
				CLANG_WARN_INFINITE_RECURSION = YES;
				CLANG_WARN_INT_CONVERSION = YES;
				CLANG_WARN_NON_LITERAL_NULL_CONVERSION = YES;
				CLANG_WARN_OBJC_IMPLICIT_RETAIN_SELF = YES;
				CLANG_WARN_OBJC_LITERAL_CONVERSION = YES;
				CLANG_WARN_OBJC_ROOT_CLASS = YES_ERROR;
				CLANG_WARN_RANGE_LOOP_ANALYSIS = YES;
				CLANG_WARN_STRICT_PROTOTYPES = YES;
				CLANG_WARN_SUSPICIOUS_MOVE = YES;
				CLANG_WARN_UNGUARDED_AVAILABILITY = YES_AGGRESSIVE;
				CLANG_WARN_UNREACHABLE_CODE = YES;
				CLANG_WARN__DUPLICATE_METHOD_MATCH = YES;
				COPY_PHASE_STRIP = NO;
				DEBUG_INFORMATION_FORMAT = dwarf;
				ENABLE_STRICT_OBJC_MSGSEND = YES;
				ENABLE_TESTABILITY = YES;
				GCC_C_LANGUAGE_STANDARD = gnu11;
				GCC_DYNAMIC_NO_PIC = NO;
				GCC_NO_COMMON_BLOCKS = YES;
				GCC_OPTIMIZATION_LEVEL = 0;
				GCC_PREPROCESSOR_DEFINITIONS = (
					"DEBUG=1",
					"$(inherited)",
				);
				GCC_WARN_64_TO_32_BIT_CONVERSION = YES;
				GCC_WARN_ABOUT_RETURN_TYPE = YES_ERROR;
				GCC_WARN_UNDECLARED_SELECTOR = YES;
				GCC_WARN_UNINITIALIZED_AUTOS = YES_AGGRESSIVE;
				GCC_WARN_UNUSED_FUNCTION = YES;
				GCC_WARN_UNUSED_VARIABLE = YES;
				IPHONEOS_DEPLOYMENT_TARGET = 13.2;
				MTL_ENABLE_DEBUG_INFO = INCLUDE_SOURCE;
				MTL_FAST_MATH = YES;
				ONLY_ACTIVE_ARCH = YES;
				SDKROOT = iphoneos;
				SWIFT_ACTIVE_COMPILATION_CONDITIONS = DEBUG;
				SWIFT_OPTIMIZATION_LEVEL = "-Onone";
			};
			name = Debug;
		};
		C9F8A5BE243F040800CF92C0 /* Release */ = {
			isa = XCBuildConfiguration;
			buildSettings = {
				ALWAYS_SEARCH_USER_PATHS = NO;
				CLANG_ANALYZER_NONNULL = YES;
				CLANG_ANALYZER_NUMBER_OBJECT_CONVERSION = YES_AGGRESSIVE;
				CLANG_CXX_LANGUAGE_STANDARD = "gnu++14";
				CLANG_CXX_LIBRARY = "libc++";
				CLANG_ENABLE_MODULES = YES;
				CLANG_ENABLE_OBJC_ARC = YES;
				CLANG_ENABLE_OBJC_WEAK = YES;
				CLANG_WARN_BLOCK_CAPTURE_AUTORELEASING = YES;
				CLANG_WARN_BOOL_CONVERSION = YES;
				CLANG_WARN_COMMA = YES;
				CLANG_WARN_CONSTANT_CONVERSION = YES;
				CLANG_WARN_DEPRECATED_OBJC_IMPLEMENTATIONS = YES;
				CLANG_WARN_DIRECT_OBJC_ISA_USAGE = YES_ERROR;
				CLANG_WARN_DOCUMENTATION_COMMENTS = YES;
				CLANG_WARN_EMPTY_BODY = YES;
				CLANG_WARN_ENUM_CONVERSION = YES;
				CLANG_WARN_INFINITE_RECURSION = YES;
				CLANG_WARN_INT_CONVERSION = YES;
				CLANG_WARN_NON_LITERAL_NULL_CONVERSION = YES;
				CLANG_WARN_OBJC_IMPLICIT_RETAIN_SELF = YES;
				CLANG_WARN_OBJC_LITERAL_CONVERSION = YES;
				CLANG_WARN_OBJC_ROOT_CLASS = YES_ERROR;
				CLANG_WARN_RANGE_LOOP_ANALYSIS = YES;
				CLANG_WARN_STRICT_PROTOTYPES = YES;
				CLANG_WARN_SUSPICIOUS_MOVE = YES;
				CLANG_WARN_UNGUARDED_AVAILABILITY = YES_AGGRESSIVE;
				CLANG_WARN_UNREACHABLE_CODE = YES;
				CLANG_WARN__DUPLICATE_METHOD_MATCH = YES;
				COPY_PHASE_STRIP = NO;
				DEBUG_INFORMATION_FORMAT = "dwarf-with-dsym";
				ENABLE_NS_ASSERTIONS = NO;
				ENABLE_STRICT_OBJC_MSGSEND = YES;
				GCC_C_LANGUAGE_STANDARD = gnu11;
				GCC_NO_COMMON_BLOCKS = YES;
				GCC_WARN_64_TO_32_BIT_CONVERSION = YES;
				GCC_WARN_ABOUT_RETURN_TYPE = YES_ERROR;
				GCC_WARN_UNDECLARED_SELECTOR = YES;
				GCC_WARN_UNINITIALIZED_AUTOS = YES_AGGRESSIVE;
				GCC_WARN_UNUSED_FUNCTION = YES;
				GCC_WARN_UNUSED_VARIABLE = YES;
				IPHONEOS_DEPLOYMENT_TARGET = 13.2;
				MTL_ENABLE_DEBUG_INFO = NO;
				MTL_FAST_MATH = YES;
				SDKROOT = iphoneos;
				SWIFT_COMPILATION_MODE = wholemodule;
				SWIFT_OPTIMIZATION_LEVEL = "-O";
				VALIDATE_PRODUCT = YES;
			};
			name = Release;
		};
		C9F8A5C0243F040800CF92C0 /* Debug */ = {
			isa = XCBuildConfiguration;
			buildSettings = {
				ASSETCATALOG_COMPILER_APPICON_NAME = AppIcon;
				CODE_SIGN_STYLE = Automatic;
				DEVELOPMENT_TEAM = C48LF9B82Y;
				INFOPLIST_FILE = BongGong/Info.plist;
				LD_RUNPATH_SEARCH_PATHS = (
					"$(inherited)",
					"@executable_path/Frameworks",
				);
				PRODUCT_BUNDLE_IDENTIFIER = Test1.BongGong;
				PRODUCT_NAME = "$(TARGET_NAME)";
				SWIFT_VERSION = 5.0;
				TARGETED_DEVICE_FAMILY = "1,2";
			};
			name = Debug;
		};
		C9F8A5C1243F040800CF92C0 /* Release */ = {
			isa = XCBuildConfiguration;
			buildSettings = {
				ASSETCATALOG_COMPILER_APPICON_NAME = AppIcon;
				CODE_SIGN_STYLE = Automatic;
				DEVELOPMENT_TEAM = C48LF9B82Y;
				INFOPLIST_FILE = BongGong/Info.plist;
				LD_RUNPATH_SEARCH_PATHS = (
					"$(inherited)",
					"@executable_path/Frameworks",
				);
				PRODUCT_BUNDLE_IDENTIFIER = Test1.BongGong;
				PRODUCT_NAME = "$(TARGET_NAME)";
				SWIFT_VERSION = 5.0;
				TARGETED_DEVICE_FAMILY = "1,2";
			};
			name = Release;
		};
		C9F8A5C3243F040800CF92C0 /* Debug */ = {
			isa = XCBuildConfiguration;
			buildSettings = {
				ALWAYS_EMBED_SWIFT_STANDARD_LIBRARIES = YES;
				BUNDLE_LOADER = "$(TEST_HOST)";
				CODE_SIGN_STYLE = Automatic;
				DEVELOPMENT_TEAM = C48LF9B82Y;
				INFOPLIST_FILE = BongGongTests/Info.plist;
				IPHONEOS_DEPLOYMENT_TARGET = 13.2;
				LD_RUNPATH_SEARCH_PATHS = (
					"$(inherited)",
					"@executable_path/Frameworks",
					"@loader_path/Frameworks",
				);
				PRODUCT_BUNDLE_IDENTIFIER = Test1.BongGongTests;
				PRODUCT_NAME = "$(TARGET_NAME)";
				SWIFT_VERSION = 5.0;
				TARGETED_DEVICE_FAMILY = "1,2";
				TEST_HOST = "$(BUILT_PRODUCTS_DIR)/BongGong.app/BongGong";
			};
			name = Debug;
		};
		C9F8A5C4243F040800CF92C0 /* Release */ = {
			isa = XCBuildConfiguration;
			buildSettings = {
				ALWAYS_EMBED_SWIFT_STANDARD_LIBRARIES = YES;
				BUNDLE_LOADER = "$(TEST_HOST)";
				CODE_SIGN_STYLE = Automatic;
				DEVELOPMENT_TEAM = C48LF9B82Y;
				INFOPLIST_FILE = BongGongTests/Info.plist;
				IPHONEOS_DEPLOYMENT_TARGET = 13.2;
				LD_RUNPATH_SEARCH_PATHS = (
					"$(inherited)",
					"@executable_path/Frameworks",
					"@loader_path/Frameworks",
				);
				PRODUCT_BUNDLE_IDENTIFIER = Test1.BongGongTests;
				PRODUCT_NAME = "$(TARGET_NAME)";
				SWIFT_VERSION = 5.0;
				TARGETED_DEVICE_FAMILY = "1,2";
				TEST_HOST = "$(BUILT_PRODUCTS_DIR)/BongGong.app/BongGong";
			};
			name = Release;
		};
		C9F8A5C6243F040800CF92C0 /* Debug */ = {
			isa = XCBuildConfiguration;
			buildSettings = {
				ALWAYS_EMBED_SWIFT_STANDARD_LIBRARIES = YES;
				CODE_SIGN_STYLE = Automatic;
				DEVELOPMENT_TEAM = C48LF9B82Y;
				INFOPLIST_FILE = BongGongUITests/Info.plist;
				LD_RUNPATH_SEARCH_PATHS = (
					"$(inherited)",
					"@executable_path/Frameworks",
					"@loader_path/Frameworks",
				);
				PRODUCT_BUNDLE_IDENTIFIER = Test1.BongGongUITests;
				PRODUCT_NAME = "$(TARGET_NAME)";
				SWIFT_VERSION = 5.0;
				TARGETED_DEVICE_FAMILY = "1,2";
				TEST_TARGET_NAME = BongGong;
			};
			name = Debug;
		};
		C9F8A5C7243F040800CF92C0 /* Release */ = {
			isa = XCBuildConfiguration;
			buildSettings = {
				ALWAYS_EMBED_SWIFT_STANDARD_LIBRARIES = YES;
				CODE_SIGN_STYLE = Automatic;
				DEVELOPMENT_TEAM = C48LF9B82Y;
				INFOPLIST_FILE = BongGongUITests/Info.plist;
				LD_RUNPATH_SEARCH_PATHS = (
					"$(inherited)",
					"@executable_path/Frameworks",
					"@loader_path/Frameworks",
				);
				PRODUCT_BUNDLE_IDENTIFIER = Test1.BongGongUITests;
				PRODUCT_NAME = "$(TARGET_NAME)";
				SWIFT_VERSION = 5.0;
				TARGETED_DEVICE_FAMILY = "1,2";
				TEST_TARGET_NAME = BongGong;
			};
			name = Release;
		};
/* End XCBuildConfiguration section */

/* Begin XCConfigurationList section */
		C9F8A590243F040700CF92C0 /* Build configuration list for PBXProject "BongGong" */ = {
			isa = XCConfigurationList;
			buildConfigurations = (
				C9F8A5BD243F040800CF92C0 /* Debug */,
				C9F8A5BE243F040800CF92C0 /* Release */,
			);
			defaultConfigurationIsVisible = 0;
			defaultConfigurationName = Release;
		};
		C9F8A5BF243F040800CF92C0 /* Build configuration list for PBXNativeTarget "BongGong" */ = {
			isa = XCConfigurationList;
			buildConfigurations = (
				C9F8A5C0243F040800CF92C0 /* Debug */,
				C9F8A5C1243F040800CF92C0 /* Release */,
			);
			defaultConfigurationIsVisible = 0;
			defaultConfigurationName = Release;
		};
		C9F8A5C2243F040800CF92C0 /* Build configuration list for PBXNativeTarget "BongGongTests" */ = {
			isa = XCConfigurationList;
			buildConfigurations = (
				C9F8A5C3243F040800CF92C0 /* Debug */,
				C9F8A5C4243F040800CF92C0 /* Release */,
			);
			defaultConfigurationIsVisible = 0;
			defaultConfigurationName = Release;
		};
		C9F8A5C5243F040800CF92C0 /* Build configuration list for PBXNativeTarget "BongGongUITests" */ = {
			isa = XCConfigurationList;
			buildConfigurations = (
				C9F8A5C6243F040800CF92C0 /* Debug */,
				C9F8A5C7243F040800CF92C0 /* Release */,
			);
			defaultConfigurationIsVisible = 0;
			defaultConfigurationName = Release;
		};
/* End XCConfigurationList section */
	};
	rootObject = C9F8A58D243F040700CF92C0 /* Project object */;
}
